// !$*UTF8*$!
{
	archiveVersion = 1;
	classes = {
	};
	objectVersion = 77;
	objects = {

/* Begin PBXContainerItemProxy section */
		C8DC03DE2D7724CF00BE64BD /* PBXContainerItemProxy */ = {
			isa = PBXContainerItemProxy;
			containerPortal = C8DC03C52D7724CD00BE64BD /* Project object */;
			proxyType = 1;
			remoteGlobalIDString = C8DC03CC2D7724CD00BE64BD;
			remoteInfo = Taiag;
		};
		C8DC03E82D7724CF00BE64BD /* PBXContainerItemProxy */ = {
			isa = PBXContainerItemProxy;
			containerPortal = C8DC03C52D7724CD00BE64BD /* Project object */;
			proxyType = 1;
			remoteGlobalIDString = C8DC03CC2D7724CD00BE64BD;
			remoteInfo = Taiag;
		};
/* End PBXContainerItemProxy section */

/* Begin PBXFileReference section */
		C8DC03CD2D7724CD00BE64BD /* Taiag.app */ = {isa = PBXFileReference; explicitFileType = wrapper.application; includeInIndex = 0; path = Taiag.app; sourceTree = BUILT_PRODUCTS_DIR; };
		C8DC03DD2D7724CF00BE64BD /* TaiagTests.xctest */ = {isa = PBXFileReference; explicitFileType = wrapper.cfbundle; includeInIndex = 0; path = TaiagTests.xctest; sourceTree = BUILT_PRODUCTS_DIR; };
		C8DC03E72D7724CF00BE64BD /* TaiagUITests.xctest */ = {isa = PBXFileReference; explicitFileType = wrapper.cfbundle; includeInIndex = 0; path = TaiagUITests.xctest; sourceTree = BUILT_PRODUCTS_DIR; };
/* End PBXFileReference section */

/* Begin PBXFileSystemSynchronizedRootGroup section */
		C8DC03CF2D7724CD00BE64BD /* Taiag */ = {
			isa = PBXFileSystemSynchronizedRootGroup;
			path = Taiag;
			sourceTree = "<group>";
		};
		C8DC03E02D7724CF00BE64BD /* TaiagTests */ = {
			isa = PBXFileSystemSynchronizedRootGroup;
			path = TaiagTests;
			sourceTree = "<group>";
		};
		C8DC03EA2D7724CF00BE64BD /* TaiagUITests */ = {
			isa = PBXFileSystemSynchronizedRootGroup;
			path = TaiagUITests;
			sourceTree = "<group>";
		};
/* End PBXFileSystemSynchronizedRootGroup section */

/* Begin PBXFrameworksBuildPhase section */
		C8DC03CA2D7724CD00BE64BD /* Frameworks */ = {
			isa = PBXFrameworksBuildPhase;
			buildActionMask = 2147483647;
			files = (
			);
			runOnlyForDeploymentPostprocessing = 0;
		};
		C8DC03DA2D7724CF00BE64BD /* Frameworks */ = {
			isa = PBXFrameworksBuildPhase;
			buildActionMask = 2147483647;
			files = (
			);
			runOnlyForDeploymentPostprocessing = 0;
		};
		C8DC03E42D7724CF00BE64BD /* Frameworks */ = {
			isa = PBXFrameworksBuildPhase;
			buildActionMask = 2147483647;
			files = (
			);
			runOnlyForDeploymentPostprocessing = 0;
		};
/* End PBXFrameworksBuildPhase section */

/* Begin PBXGroup section */
		C8DC03C42D7724CD00BE64BD = {
			isa = PBXGroup;
			children = (
				C8DC03CF2D7724CD00BE64BD /* Taiag */,
				C8DC03E02D7724CF00BE64BD /* TaiagTests */,
				C8DC03EA2D7724CF00BE64BD /* TaiagUITests */,
				C8DC03CE2D7724CD00BE64BD /* Products */,
			);
			sourceTree = "<group>";
		};
		C8DC03CE2D7724CD00BE64BD /* Products */ = {
			isa = PBXGroup;
			children = (
				C8DC03CD2D7724CD00BE64BD /* Taiag.app */,
				C8DC03DD2D7724CF00BE64BD /* TaiagTests.xctest */,
				C8DC03E72D7724CF00BE64BD /* TaiagUITests.xctest */,
			);
			name = Products;
			sourceTree = "<group>";
		};
/* End PBXGroup section */

/* Begin PBXNativeTarget section */
		C8DC03CC2D7724CD00BE64BD /* Taiag */ = {
			isa = PBXNativeTarget;
			buildConfigurationList = C8DC03F12D7724CF00BE64BD /* Build configuration list for PBXNativeTarget "Taiag" */;
			buildPhases = (
				C8DC03C92D7724CD00BE64BD /* Sources */,
				C8DC03CA2D7724CD00BE64BD /* Frameworks */,
				C8DC03CB2D7724CD00BE64BD /* Resources */,
			);
			buildRules = (
			);
			dependencies = (
			);
			fileSystemSynchronizedGroups = (
				C8DC03CF2D7724CD00BE64BD /* Taiag */,
			);
			name = Taiag;
			packageProductDependencies = (
			);
			productName = Taiag;
			productReference = C8DC03CD2D7724CD00BE64BD /* Taiag.app */;
			productType = "com.apple.product-type.application";
		};
		C8DC03DC2D7724CF00BE64BD /* TaiagTests */ = {
			isa = PBXNativeTarget;
			buildConfigurationList = C8DC03F42D7724CF00BE64BD /* Build configuration list for PBXNativeTarget "TaiagTests" */;
			buildPhases = (
				C8DC03D92D7724CF00BE64BD /* Sources */,
				C8DC03DA2D7724CF00BE64BD /* Frameworks */,
				C8DC03DB2D7724CF00BE64BD /* Resources */,
			);
			buildRules = (
			);
			dependencies = (
				C8DC03DF2D7724CF00BE64BD /* PBXTargetDependency */,
			);
			fileSystemSynchronizedGroups = (
				C8DC03E02D7724CF00BE64BD /* TaiagTests */,
			);
			name = TaiagTests;
			packageProductDependencies = (
			);
			productName = TaiagTests;
			productReference = C8DC03DD2D7724CF00BE64BD /* TaiagTests.xctest */;
			productType = "com.apple.product-type.bundle.unit-test";
		};
		C8DC03E62D7724CF00BE64BD /* TaiagUITests */ = {
			isa = PBXNativeTarget;
			buildConfigurationList = C8DC03F72D7724CF00BE64BD /* Build configuration list for PBXNativeTarget "TaiagUITests" */;
			buildPhases = (
				C8DC03E32D7724CF00BE64BD /* Sources */,
				C8DC03E42D7724CF00BE64BD /* Frameworks */,
				C8DC03E52D7724CF00BE64BD /* Resources */,
			);
			buildRules = (
			);
			dependencies = (
				C8DC03E92D7724CF00BE64BD /* PBXTargetDependency */,
			);
			fileSystemSynchronizedGroups = (
				C8DC03EA2D7724CF00BE64BD /* TaiagUITests */,
			);
			name = TaiagUITests;
			packageProductDependencies = (
			);
			productName = TaiagUITests;
			productReference = C8DC03E72D7724CF00BE64BD /* TaiagUITests.xctest */;
			productType = "com.apple.product-type.bundle.ui-testing";
		};
/* End PBXNativeTarget section */

/* Begin PBXProject section */
		C8DC03C52D7724CD00BE64BD /* Project object */ = {
			isa = PBXProject;
			attributes = {
				BuildIndependentTargetsInParallel = 1;
				LastSwiftUpdateCheck = 1620;
				LastUpgradeCheck = 1620;
				TargetAttributes = {
					C8DC03CC2D7724CD00BE64BD = {
						CreatedOnToolsVersion = 16.2;
					};
					C8DC03DC2D7724CF00BE64BD = {
						CreatedOnToolsVersion = 16.2;
						TestTargetID = C8DC03CC2D7724CD00BE64BD;
					};
					C8DC03E62D7724CF00BE64BD = {
						CreatedOnToolsVersion = 16.2;
						TestTargetID = C8DC03CC2D7724CD00BE64BD;
					};
				};
			};
			buildConfigurationList = C8DC03C82D7724CD00BE64BD /* Build configuration list for PBXProject "Taiag" */;
			developmentRegion = en;
			hasScannedForEncodings = 0;
			knownRegions = (
				en,
				Base,
			);
			mainGroup = C8DC03C42D7724CD00BE64BD;
			minimizedProjectReferenceProxies = 1;
			preferredProjectObjectVersion = 77;
			productRefGroup = C8DC03CE2D7724CD00BE64BD /* Products */;
			projectDirPath = "";
			projectRoot = "";
			targets = (
				C8DC03CC2D7724CD00BE64BD /* Taiag */,
				C8DC03DC2D7724CF00BE64BD /* TaiagTests */,
				C8DC03E62D7724CF00BE64BD /* TaiagUITests */,
			);
		};
/* End PBXProject section */

/* Begin PBXResourcesBuildPhase section */
		C8DC03CB2D7724CD00BE64BD /* Resources */ = {
			isa = PBXResourcesBuildPhase;
			buildActionMask = 2147483647;
			files = (
			);
			runOnlyForDeploymentPostprocessing = 0;
		};
		C8DC03DB2D7724CF00BE64BD /* Resources */ = {
			isa = PBXResourcesBuildPhase;
			buildActionMask = 2147483647;
			files = (
			);
			runOnlyForDeploymentPostprocessing = 0;
		};
		C8DC03E52D7724CF00BE64BD /* Resources */ = {
			isa = PBXResourcesBuildPhase;
			buildActionMask = 2147483647;
			files = (
			);
			runOnlyForDeploymentPostprocessing = 0;
		};
/* End PBXResourcesBuildPhase section */

/* Begin PBXSourcesBuildPhase section */
		C8DC03C92D7724CD00BE64BD /* Sources */ = {
			isa = PBXSourcesBuildPhase;
			buildActionMask = 2147483647;
			files = (
			);
			runOnlyForDeploymentPostprocessing = 0;
		};
		C8DC03D92D7724CF00BE64BD /* Sources */ = {
			isa = PBXSourcesBuildPhase;
			buildActionMask = 2147483647;
			files = (
			);
			runOnlyForDeploymentPostprocessing = 0;
		};
		C8DC03E32D7724CF00BE64BD /* Sources */ = {
			isa = PBXSourcesBuildPhase;
			buildActionMask = 2147483647;
			files = (
			);
			runOnlyForDeploymentPostprocessing = 0;
		};
/* End PBXSourcesBuildPhase section */

/* Begin PBXTargetDependency section */
		C8DC03DF2D7724CF00BE64BD /* PBXTargetDependency */ = {
			isa = PBXTargetDependency;
			target = C8DC03CC2D7724CD00BE64BD /* Taiag */;
			targetProxy = C8DC03DE2D7724CF00BE64BD /* PBXContainerItemProxy */;
		};
		C8DC03E92D7724CF00BE64BD /* PBXTargetDependency */ = {
			isa = PBXTargetDependency;
			target = C8DC03CC2D7724CD00BE64BD /* Taiag */;
			targetProxy = C8DC03E82D7724CF00BE64BD /* PBXContainerItemProxy */;
		};
/* End PBXTargetDependency section */

/* Begin XCBuildConfiguration section */
		C8DC03EF2D7724CF00BE64BD /* Debug */ = {
			isa = XCBuildConfiguration;
			buildSettings = {
				ALWAYS_SEARCH_USER_PATHS = NO;
				ASSETCATALOG_COMPILER_GENERATE_SWIFT_ASSET_SYMBOL_EXTENSIONS = YES;
				CLANG_ANALYZER_NONNULL = YES;
				CLANG_ANALYZER_NUMBER_OBJECT_CONVERSION = YES_AGGRESSIVE;
				CLANG_CXX_LANGUAGE_STANDARD = "gnu++20";
				CLANG_ENABLE_MODULES = YES;
				CLANG_ENABLE_OBJC_ARC = YES;
				CLANG_ENABLE_OBJC_WEAK = YES;
				CLANG_WARN_BLOCK_CAPTURE_AUTORELEASING = YES;
				CLANG_WARN_BOOL_CONVERSION = YES;
				CLANG_WARN_COMMA = YES;
				CLANG_WARN_CONSTANT_CONVERSION = YES;
				CLANG_WARN_DEPRECATED_OBJC_IMPLEMENTATIONS = YES;
				CLANG_WARN_DIRECT_OBJC_ISA_USAGE = YES_ERROR;
				CLANG_WARN_DOCUMENTATION_COMMENTS = YES;
				CLANG_WARN_EMPTY_BODY = YES;
				CLANG_WARN_ENUM_CONVERSION = YES;
				CLANG_WARN_INFINITE_RECURSION = YES;
				CLANG_WARN_INT_CONVERSION = YES;
				CLANG_WARN_NON_LITERAL_NULL_CONVERSION = YES;
				CLANG_WARN_OBJC_IMPLICIT_RETAIN_SELF = YES;
				CLANG_WARN_OBJC_LITERAL_CONVERSION = YES;
				CLANG_WARN_OBJC_ROOT_CLASS = YES_ERROR;
				CLANG_WARN_QUOTED_INCLUDE_IN_FRAMEWORK_HEADER = YES;
				CLANG_WARN_RANGE_LOOP_ANALYSIS = YES;
				CLANG_WARN_STRICT_PROTOTYPES = YES;
				CLANG_WARN_SUSPICIOUS_MOVE = YES;
				CLANG_WARN_UNGUARDED_AVAILABILITY = YES_AGGRESSIVE;
				CLANG_WARN_UNREACHABLE_CODE = YES;
				CLANG_WARN__DUPLICATE_METHOD_MATCH = YES;
				COPY_PHASE_STRIP = NO;
				DEBUG_INFORMATION_FORMAT = dwarf;
				ENABLE_STRICT_OBJC_MSGSEND = YES;
				ENABLE_TESTABILITY = YES;
				ENABLE_USER_SCRIPT_SANDBOXING = YES;
				GCC_C_LANGUAGE_STANDARD = gnu17;
				GCC_DYNAMIC_NO_PIC = NO;
				GCC_NO_COMMON_BLOCKS = YES;
				GCC_OPTIMIZATION_LEVEL = 0;
				GCC_PREPROCESSOR_DEFINITIONS = (
					"DEBUG=1",
					"$(inherited)",
				);
				GCC_WARN_64_TO_32_BIT_CONVERSION = YES;
				GCC_WARN_ABOUT_RETURN_TYPE = YES_ERROR;
				GCC_WARN_UNDECLARED_SELECTOR = YES;
				GCC_WARN_UNINITIALIZED_AUTOS = YES_AGGRESSIVE;
				GCC_WARN_UNUSED_FUNCTION = YES;
				GCC_WARN_UNUSED_VARIABLE = YES;
				IPHONEOS_DEPLOYMENT_TARGET = 18.2;
				LOCALIZATION_PREFERS_STRING_CATALOGS = YES;
				MTL_ENABLE_DEBUG_INFO = INCLUDE_SOURCE;
				MTL_FAST_MATH = YES;
				ONLY_ACTIVE_ARCH = YES;
				SDKROOT = iphoneos;
				SWIFT_ACTIVE_COMPILATION_CONDITIONS = "DEBUG $(inherited)";
				SWIFT_OPTIMIZATION_LEVEL = "-Onone";
			};
			name = Debug;
		};
		C8DC03F02D7724CF00BE64BD /* Release */ = {
			isa = XCBuildConfiguration;
			buildSettings = {
				ALWAYS_SEARCH_USER_PATHS = NO;
				ASSETCATALOG_COMPILER_GENERATE_SWIFT_ASSET_SYMBOL_EXTENSIONS = YES;
				CLANG_ANALYZER_NONNULL = YES;
				CLANG_ANALYZER_NUMBER_OBJECT_CONVERSION = YES_AGGRESSIVE;
				CLANG_CXX_LANGUAGE_STANDARD = "gnu++20";
				CLANG_ENABLE_MODULES = YES;
				CLANG_ENABLE_OBJC_ARC = YES;
				CLANG_ENABLE_OBJC_WEAK = YES;
				CLANG_WARN_BLOCK_CAPTURE_AUTORELEASING = YES;
				CLANG_WARN_BOOL_CONVERSION = YES;
				CLANG_WARN_COMMA = YES;
				CLANG_WARN_CONSTANT_CONVERSION = YES;
				CLANG_WARN_DEPRECATED_OBJC_IMPLEMENTATIONS = YES;
				CLANG_WARN_DIRECT_OBJC_ISA_USAGE = YES_ERROR;
				CLANG_WARN_DOCUMENTATION_COMMENTS = YES;
				CLANG_WARN_EMPTY_BODY = YES;
				CLANG_WARN_ENUM_CONVERSION = YES;
				CLANG_WARN_INFINITE_RECURSION = YES;
				CLANG_WARN_INT_CONVERSION = YES;
				CLANG_WARN_NON_LITERAL_NULL_CONVERSION = YES;
				CLANG_WARN_OBJC_IMPLICIT_RETAIN_SELF = YES;
				CLANG_WARN_OBJC_LITERAL_CONVERSION = YES;
				CLANG_WARN_OBJC_ROOT_CLASS = YES_ERROR;
				CLANG_WARN_QUOTED_INCLUDE_IN_FRAMEWORK_HEADER = YES;
				CLANG_WARN_RANGE_LOOP_ANALYSIS = YES;
				CLANG_WARN_STRICT_PROTOTYPES = YES;
				CLANG_WARN_SUSPICIOUS_MOVE = YES;
				CLANG_WARN_UNGUARDED_AVAILABILITY = YES_AGGRESSIVE;
				CLANG_WARN_UNREACHABLE_CODE = YES;
				CLANG_WARN__DUPLICATE_METHOD_MATCH = YES;
				COPY_PHASE_STRIP = NO;
				DEBUG_INFORMATION_FORMAT = "dwarf-with-dsym";
				ENABLE_NS_ASSERTIONS = NO;
				ENABLE_STRICT_OBJC_MSGSEND = YES;
				ENABLE_USER_SCRIPT_SANDBOXING = YES;
				GCC_C_LANGUAGE_STANDARD = gnu17;
				GCC_NO_COMMON_BLOCKS = YES;
				GCC_WARN_64_TO_32_BIT_CONVERSION = YES;
				GCC_WARN_ABOUT_RETURN_TYPE = YES_ERROR;
				GCC_WARN_UNDECLARED_SELECTOR = YES;
				GCC_WARN_UNINITIALIZED_AUTOS = YES_AGGRESSIVE;
				GCC_WARN_UNUSED_FUNCTION = YES;
				GCC_WARN_UNUSED_VARIABLE = YES;
				IPHONEOS_DEPLOYMENT_TARGET = 18.2;
				LOCALIZATION_PREFERS_STRING_CATALOGS = YES;
				MTL_ENABLE_DEBUG_INFO = NO;
				MTL_FAST_MATH = YES;
				SDKROOT = iphoneos;
				SWIFT_COMPILATION_MODE = wholemodule;
				VALIDATE_PRODUCT = YES;
			};
			name = Release;
		};
		C8DC03F22D7724CF00BE64BD /* Debug */ = {
			isa = XCBuildConfiguration;
			buildSettings = {
				ASSETCATALOG_COMPILER_APPICON_NAME = AppIcon;
				ASSETCATALOG_COMPILER_GLOBAL_ACCENT_COLOR_NAME = AccentColor;
				CODE_SIGN_STYLE = Automatic;
				CURRENT_PROJECT_VERSION = 1;
				DEVELOPMENT_ASSET_PATHS = "\"Taiag/Preview Content\"";
				ENABLE_PREVIEWS = YES;
				GENERATE_INFOPLIST_FILE = YES;
				INFOPLIST_KEY_UIApplicationSceneManifest_Generation = YES;
				INFOPLIST_KEY_UIApplicationSupportsIndirectInputEvents = YES;
				INFOPLIST_KEY_UILaunchScreen_Generation = YES;
				INFOPLIST_KEY_UISupportedInterfaceOrientations_iPad = "UIInterfaceOrientationPortrait UIInterfaceOrientationPortraitUpsideDown UIInterfaceOrientationLandscapeLeft UIInterfaceOrientationLandscapeRight";
				INFOPLIST_KEY_UISupportedInterfaceOrientations_iPhone = "UIInterfaceOrientationPortrait UIInterfaceOrientationLandscapeLeft UIInterfaceOrientationLandscapeRight";
				LD_RUNPATH_SEARCH_PATHS = (
					"$(inherited)",
					"@executable_path/Frameworks",
				);
				MARKETING_VERSION = 1.0;
				PRODUCT_BUNDLE_IDENTIFIER = JO.Taiag;
				PRODUCT_NAME = "$(TARGET_NAME)";
				SWIFT_EMIT_LOC_STRINGS = YES;
				SWIFT_VERSION = 5.0;
				TARGETED_DEVICE_FAMILY = "1,2";
			};
			name = Debug;
		};
		C8DC03F32D7724CF00BE64BD /* Release */ = {
			isa = XCBuildConfiguration;
			buildSettings = {
				ASSETCATALOG_COMPILER_APPICON_NAME = AppIcon;
				ASSETCATALOG_COMPILER_GLOBAL_ACCENT_COLOR_NAME = AccentColor;
				CODE_SIGN_STYLE = Automatic;
				CURRENT_PROJECT_VERSION = 1;
				DEVELOPMENT_ASSET_PATHS = "\"Taiag/Preview Content\"";
				ENABLE_PREVIEWS = YES;
				GENERATE_INFOPLIST_FILE = YES;
				INFOPLIST_KEY_UIApplicationSceneManifest_Generation = YES;
				INFOPLIST_KEY_UIApplicationSupportsIndirectInputEvents = YES;
				INFOPLIST_KEY_UILaunchScreen_Generation = YES;
				INFOPLIST_KEY_UISupportedInterfaceOrientations_iPad = "UIInterfaceOrientationPortrait UIInterfaceOrientationPortraitUpsideDown UIInterfaceOrientationLandscapeLeft UIInterfaceOrientationLandscapeRight";
				INFOPLIST_KEY_UISupportedInterfaceOrientations_iPhone = "UIInterfaceOrientationPortrait UIInterfaceOrientationLandscapeLeft UIInterfaceOrientationLandscapeRight";
				LD_RUNPATH_SEARCH_PATHS = (
					"$(inherited)",
					"@executable_path/Frameworks",
				);
				MARKETING_VERSION = 1.0;
				PRODUCT_BUNDLE_IDENTIFIER = JO.Taiag;
				PRODUCT_NAME = "$(TARGET_NAME)";
				SWIFT_EMIT_LOC_STRINGS = YES;
				SWIFT_VERSION = 5.0;
				TARGETED_DEVICE_FAMILY = "1,2";
			};
			name = Release;
		};
		C8DC03F52D7724CF00BE64BD /* Debug */ = {
			isa = XCBuildConfiguration;
			buildSettings = {
				BUNDLE_LOADER = "$(TEST_HOST)";
				CODE_SIGN_STYLE = Automatic;
				CURRENT_PROJECT_VERSION = 1;
				GENERATE_INFOPLIST_FILE = YES;
				IPHONEOS_DEPLOYMENT_TARGET = 18.2;
				MARKETING_VERSION = 1.0;
				PRODUCT_BUNDLE_IDENTIFIER = JO.TaiagTests;
				PRODUCT_NAME = "$(TARGET_NAME)";
				SWIFT_EMIT_LOC_STRINGS = NO;
				SWIFT_VERSION = 5.0;
				TARGETED_DEVICE_FAMILY = "1,2";
				TEST_HOST = "$(BUILT_PRODUCTS_DIR)/Taiag.app/$(BUNDLE_EXECUTABLE_FOLDER_PATH)/Taiag";
			};
			name = Debug;
		};
		C8DC03F62D7724CF00BE64BD /* Release */ = {
			isa = XCBuildConfiguration;
			buildSettings = {
				BUNDLE_LOADER = "$(TEST_HOST)";
				CODE_SIGN_STYLE = Automatic;
				CURRENT_PROJECT_VERSION = 1;
				GENERATE_INFOPLIST_FILE = YES;
				IPHONEOS_DEPLOYMENT_TARGET = 18.2;
				MARKETING_VERSION = 1.0;
				PRODUCT_BUNDLE_IDENTIFIER = JO.TaiagTests;
				PRODUCT_NAME = "$(TARGET_NAME)";
				SWIFT_EMIT_LOC_STRINGS = NO;
				SWIFT_VERSION = 5.0;
				TARGETED_DEVICE_FAMILY = "1,2";
				TEST_HOST = "$(BUILT_PRODUCTS_DIR)/Taiag.app/$(BUNDLE_EXECUTABLE_FOLDER_PATH)/Taiag";
			};
			name = Release;
		};
		C8DC03F82D7724CF00BE64BD /* Debug */ = {
			isa = XCBuildConfiguration;
			buildSettings = {
				CODE_SIGN_STYLE = Automatic;
				CURRENT_PROJECT_VERSION = 1;
				GENERATE_INFOPLIST_FILE = YES;
				MARKETING_VERSION = 1.0;
				PRODUCT_BUNDLE_IDENTIFIER = JO.TaiagUITests;
				PRODUCT_NAME = "$(TARGET_NAME)";
				SWIFT_EMIT_LOC_STRINGS = NO;
				SWIFT_VERSION = 5.0;
				TARGETED_DEVICE_FAMILY = "1,2";
				TEST_TARGET_NAME = Taiag;
			};
			name = Debug;
		};
		C8DC03F92D7724CF00BE64BD /* Release */ = {
			isa = XCBuildConfiguration;
			buildSettings = {
				CODE_SIGN_STYLE = Automatic;
				CURRENT_PROJECT_VERSION = 1;
				GENERATE_INFOPLIST_FILE = YES;
				MARKETING_VERSION = 1.0;
				PRODUCT_BUNDLE_IDENTIFIER = JO.TaiagUITests;
				PRODUCT_NAME = "$(TARGET_NAME)";
				SWIFT_EMIT_LOC_STRINGS = NO;
				SWIFT_VERSION = 5.0;
				TARGETED_DEVICE_FAMILY = "1,2";
				TEST_TARGET_NAME = Taiag;
			};
			name = Release;
		};
/* End XCBuildConfiguration section */

/* Begin XCConfigurationList section */
		C8DC03C82D7724CD00BE64BD /* Build configuration list for PBXProject "Taiag" */ = {
			isa = XCConfigurationList;
			buildConfigurations = (
				C8DC03EF2D7724CF00BE64BD /* Debug */,
				C8DC03F02D7724CF00BE64BD /* Release */,
			);
			defaultConfigurationIsVisible = 0;
			defaultConfigurationName = Release;
		};
		C8DC03F12D7724CF00BE64BD /* Build configuration list for PBXNativeTarget "Taiag" */ = {
			isa = XCConfigurationList;
			buildConfigurations = (
				C8DC03F22D7724CF00BE64BD /* Debug */,
				C8DC03F32D7724CF00BE64BD /* Release */,
			);
			defaultConfigurationIsVisible = 0;
			defaultConfigurationName = Release;
		};
		C8DC03F42D7724CF00BE64BD /* Build configuration list for PBXNativeTarget "TaiagTests" */ = {
			isa = XCConfigurationList;
			buildConfigurations = (
				C8DC03F52D7724CF00BE64BD /* Debug */,
				C8DC03F62D7724CF00BE64BD /* Release */,
			);
			defaultConfigurationIsVisible = 0;
			defaultConfigurationName = Release;
		};
		C8DC03F72D7724CF00BE64BD /* Build configuration list for PBXNativeTarget "TaiagUITests" */ = {
			isa = XCConfigurationList;
			buildConfigurations = (
				C8DC03F82D7724CF00BE64BD /* Debug */,
				C8DC03F92D7724CF00BE64BD /* Release */,
			);
			defaultConfigurationIsVisible = 0;
			defaultConfigurationName = Release;
		};
/* End XCConfigurationList section */
	};
	rootObject = C8DC03C52D7724CD00BE64BD /* Project object */;
}
